<?xml version="1.0" encoding="utf-8"?>
<Project ToolsVersion="4.0" xmlns="http://schemas.microsoft.com/developer/msbuild/2003">
  <ItemGroup>
    <Filter Include="Source Files">
      <UniqueIdentifier>{4FC737F1-C7A5-4376-A066-2A32D752A2FF}</UniqueIdentifier>
      <Extensions>cpp;c;cc;cxx;c++;cppm;ixx;def;odl;idl;hpj;bat;asm;asmx</Extensions>
    </Filter>
    <Filter Include="Header Files">
      <UniqueIdentifier>{93995380-89BD-4b04-88EB-625FBE52EBFB}</UniqueIdentifier>
      <Extensions>h;hh;hpp;hxx;h++;hm;inl;inc;ipp;xsd</Extensions>
    </Filter>
    <Filter Include="Resource Files">
      <UniqueIdentifier>{67DA6AB6-F800-4c08-8B7A-83BB121AAD01}</UniqueIdentifier>
      <Extensions>rc;ico;cur;bmp;dlg;rc2;rct;bin;rgs;gif;jpg;jpeg;jpe;resx;tiff;tif;png;wav;mfcribbon-ms</Extensions>
    </Filter>
    <Filter Include="Source Files\Crypto">
      <UniqueIdentifier>{8bb923cd-f714-462f-9a48-08ddc7125a94}</UniqueIdentifier>
    </Filter>
    <Filter Include="Header Files\Crypto">
      <UniqueIdentifier>{893c59cf-6d85-40cf-9ef3-dbd0d0f298d8}</UniqueIdentifier>
    </Filter>
    <Filter Include="Header Files\Client">
      <UniqueIdentifier>{1734bb72-6c66-4901-8ad6-11ea2c4be042}</UniqueIdentifier>
    </Filter>
    <Filter Include="Header Files\Menu">
      <UniqueIdentifier>{d55a3284-da87-401c-810d-76429caa31f7}</UniqueIdentifier>
    </Filter>
    <Filter Include="Header Files\Utils">
      <UniqueIdentifier>{a748e19f-50fa-4209-9043-03d21dd24cb3}</UniqueIdentifier>
    </Filter>
    <Filter Include="Source Files\Menu">
      <UniqueIdentifier>{fb2d614c-2e2d-41a5-ac1c-9fccb831522a}</UniqueIdentifier>
    </Filter>
    <Filter Include="Source Files\Client">
      <UniqueIdentifier>{2a382ae1-3579-4489-a106-15252b702b3f}</UniqueIdentifier>
    </Filter>
    <Filter Include="Source Files\Utils">
      <UniqueIdentifier>{9a560be1-547c-4c7a-9c74-f5abea443b01}</UniqueIdentifier>
    </Filter>
    <Filter Include="Header Files\MessageU">
      <UniqueIdentifier>{7300f26d-bf21-41bb-a1b5-d1be154e1174}</UniqueIdentifier>
    </Filter>
    <Filter Include="Source Files\MessageU">
      <UniqueIdentifier>{4034bcd3-d354-4743-a559-f40127b252c7}</UniqueIdentifier>
    </Filter>
  </ItemGroup>
  <ItemGroup>
    <ClCompile Include="main.cpp">
      <Filter>Source Files</Filter>
    </ClCompile>
    <ClCompile Include="RSAWrapper.cpp">
      <Filter>Source Files\Crypto</Filter>
    </ClCompile>
    <ClCompile Include="AESWrapper.cpp">
      <Filter>Source Files\Crypto</Filter>
    </ClCompile>
    <ClCompile Include="Base64Wrapper.cpp">
      <Filter>Source Files\Crypto</Filter>
    </ClCompile>
    <ClCompile Include="Client.cpp">
      <Filter>Source Files\Client</Filter>
    </ClCompile>
    <ClCompile Include="Response.cpp">
      <Filter>Source Files\Client</Filter>
    </ClCompile>
    <ClCompile Include="Request.cpp">
      <Filter>Source Files\Client</Filter>
    </ClCompile>
    <ClCompile Include="Utils.cpp">
      <Filter>Source Files\Utils</Filter>
    </ClCompile>
    <ClCompile Include="BufferUtils.cpp">
      <Filter>Source Files\Utils</Filter>
    </ClCompile>
    <ClCompile Include="FileManager.cpp">
      <Filter>Source Files\Utils</Filter>
    </ClCompile>
    <ClCompile Include="MessageRequest.cpp">
      <Filter>Source Files\Client</Filter>
    </ClCompile>
    <ClCompile Include="Menu.cpp">
      <Filter>Source Files\Menu</Filter>
    </ClCompile>
    <ClCompile Include="MessageU_User.cpp">
      <Filter>Source Files\MessageU</Filter>
    </ClCompile>
    <ClCompile Include="MessageU.cpp">
      <Filter>Source Files\MessageU</Filter>
    </ClCompile>
  </ItemGroup>
  <ItemGroup>
    <ClInclude Include="ProtocolDefenitions.h">
      <Filter>Header Files</Filter>
    </ClInclude>
    <ClInclude Include="AESWrapper.h">
      <Filter>Header Files\Crypto</Filter>
    </ClInclude>
    <ClInclude Include="Base64Wrapper.h">
      <Filter>Header Files\Crypto</Filter>
    </ClInclude>
    <ClInclude Include="RSAWrapper.h">
      <Filter>Header Files\Crypto</Filter>
    </ClInclude>
    <ClInclude Include="Client.h">
      <Filter>Header Files\Client</Filter>
    </ClInclude>
    <ClInclude Include="Response.h">
      <Filter>Header Files\Client</Filter>
    </ClInclude>
    <ClInclude Include="Request.h">
      <Filter>Header Files\Client</Filter>
    </ClInclude>
    <ClInclude Include="BufferUtils.h">
      <Filter>Header Files\Utils</Filter>
    </ClInclude>
    <ClInclude Include="Utils.h">
      <Filter>Header Files\Utils</Filter>
    </ClInclude>
    <ClInclude Include="FileManager.h">
      <Filter>Header Files\Utils</Filter>
    </ClInclude>
    <ClInclude Include="MessageRequest.h">
      <Filter>Header Files\Client</Filter>
    </ClInclude>
    <ClInclude Include="Debug.h">
      <Filter>Header Files\Utils</Filter>
    </ClInclude>
    <ClInclude Include="Menu.h">
      <Filter>Header Files\Menu</Filter>
    </ClInclude>
    <ClInclude Include="MessageU.h">
      <Filter>Header Files\MessageU</Filter>
    </ClInclude>
    <ClInclude Include="MessageU_User.h">
      <Filter>Header Files\MessageU</Filter>
    </ClInclude>
  </ItemGroup>
</Project>